
Microsoft Visual Studio Solution File, Format Version 12.00
# Visual Studio 15
VisualStudioVersion = 15.0.28307.1259
MinimumVisualStudioVersion = 10.0.40219.1
Project("{FAE04EC0-301F-11D3-BF4B-00C04F79EFBC}") = "LKMT", "LKMT\LKMT.csproj", "{DCFCE6D5-A4BA-4ED4-9A3D-B55F877E6F72}"
EndProject
Project("{FAE04EC0-301F-11D3-BF4B-00C04F79EFBC}") = "BUS", "BUS\BUS.csproj", "{48111450-00BA-46CE-AEA9-D552CB20ED82}"
EndProject
Project("{FAE04EC0-301F-11D3-BF4B-00C04F79EFBC}") = "DAO", "DAO\DAO.csproj", "{8DB92153-239B-4C4F-B7A4-A907140FFFE7}"
EndProject
Global
	GlobalSection(SolutionConfigurationPlatforms) = preSolution
		Debug|Any CPU = Debug|Any CPU
		Release|Any CPU = Release|Any CPU
	EndGlobalSection
	GlobalSection(ProjectConfigurationPlatforms) = postSolution
		{DCFCE6D5-A4BA-4ED4-9A3D-B55F877E6F72}.Debug|Any CPU.ActiveCfg = Debug|Any CPU
		{DCFCE6D5-A4BA-4ED4-9A3D-B55F877E6F72}.Debug|Any CPU.Build.0 = Debug|Any CPU
		{DCFCE6D5-A4BA-4ED4-9A3D-B55F877E6F72}.Release|Any CPU.ActiveCfg = Release|Any CPU
		{DCFCE6D5-A4BA-4ED4-9A3D-B55F877E6F72}.Release|Any CPU.Build.0 = Release|Any CPU
		{48111450-00BA-46CE-AEA9-D552CB20ED82}.Debug|Any CPU.ActiveCfg = Debug|Any CPU
		{48111450-00BA-46CE-AEA9-D552CB20ED82}.Debug|Any CPU.Build.0 = Debug|Any CPU
		{48111450-00BA-46CE-AEA9-D552CB20ED82}.Release|Any CPU.ActiveCfg = Release|Any CPU
		{48111450-00BA-46CE-AEA9-D552CB20ED82}.Release|Any CPU.Build.0 = Release|Any CPU
		{8DB92153-239B-4C4F-B7A4-A907140FFFE7}.Debug|Any CPU.ActiveCfg = Debug|Any CPU
		{8DB92153-239B-4C4F-B7A4-A907140FFFE7}.Debug|Any CPU.Build.0 = Debug|Any CPU
		{8DB92153-239B-4C4F-B7A4-A907140FFFE7}.Release|Any CPU.ActiveCfg = Release|Any CPU
		{8DB92153-239B-4C4F-B7A4-A907140FFFE7}.Release|Any CPU.Build.0 = Release|Any CPU
	EndGlobalSection
	GlobalSection(SolutionProperties) = preSolution
		HideSolutionNode = FALSE
	EndGlobalSection
	GlobalSection(ExtensibilityGlobals) = postSolution
		SolutionGuid = {3F955E4C-F53C-4075-BB0C-CC86C33C6A20}
	EndGlobalSection
EndGlobal
